
Microsoft Visual Studio Solution File, Format Version 12.00
# Visual Studio 15
VisualStudioVersion = 15.0.28307.421
MinimumVisualStudioVersion = 10.0.40219.1
Project("{FAE04EC0-301F-11D3-BF4B-00C04F79EFBC}") = "cart", "cart\cart.csproj", "{242E1326-F3C7-415D-86A7-9E5201960175}"
EndProject
Global
	GlobalSection(SolutionConfigurationPlatforms) = preSolution
		Debug|Any CPU = Debug|Any CPU
		Release|Any CPU = Release|Any CPU
	EndGlobalSection
	GlobalSection(ProjectConfigurationPlatforms) = postSolution
		{242E1326-F3C7-415D-86A7-9E5201960175}.Debug|Any CPU.ActiveCfg = Debug|Any CPU
		{242E1326-F3C7-415D-86A7-9E5201960175}.Debug|Any CPU.Build.0 = Debug|Any CPU
		{242E1326-F3C7-415D-86A7-9E5201960175}.Release|Any CPU.ActiveCfg = Release|Any CPU
		{242E1326-F3C7-415D-86A7-9E5201960175}.Release|Any CPU.Build.0 = Release|Any CPU
	EndGlobalSection
	GlobalSection(SolutionProperties) = preSolution
		HideSolutionNode = FALSE
	EndGlobalSection
	GlobalSection(ExtensibilityGlobals) = postSolution
		SolutionGuid = {C1FD183E-A495-4C39-9B9B-8CE4B9670EE3}
	EndGlobalSection
EndGlobal
